// !$*UTF8*$!
{
	archiveVersion = 1;
	classes = {
	};
	objectVersion = 55;
	objects = {

/* Begin PBXBuildFile section */
		B27644922864C3BC000259CC /* LaunchAtLogin in Frameworks */ = {isa = PBXBuildFile; productRef = B27644912864C3BC000259CC /* LaunchAtLogin */; };
		B281175728732DA40080A780 /* Swindler in Frameworks */ = {isa = PBXBuildFile; productRef = B281175628732DA40080A780 /* Swindler */; };
		B2C8BE1C283EBF8F00DB5C94 /* AppDelegate.swift in Sources */ = {isa = PBXBuildFile; fileRef = B2C8BE1B283EBF8F00DB5C94 /* AppDelegate.swift */; };
		B2C8BE1E283EBF8F00DB5C94 /* ViewController.swift in Sources */ = {isa = PBXBuildFile; fileRef = B2C8BE1D283EBF8F00DB5C94 /* ViewController.swift */; };
		B2C8BE20283EBF9100DB5C94 /* Assets.xcassets in Resources */ = {isa = PBXBuildFile; fileRef = B2C8BE1F283EBF9100DB5C94 /* Assets.xcassets */; };
		B2C8BE23283EBF9100DB5C94 /* Main.storyboard in Resources */ = {isa = PBXBuildFile; fileRef = B2C8BE21283EBF9100DB5C94 /* Main.storyboard */; };
		B2C8BE2B283EC5D400DB5C94 /* SwiftQuit.swift in Sources */ = {isa = PBXBuildFile; fileRef = B2C8BE2A283EC5D400DB5C94 /* SwiftQuit.swift */; };
/* End PBXBuildFile section */

/* Begin PBXFileReference section */
		B2C8BE18283EBF8E00DB5C94 /* Swift Quit.app */ = {isa = PBXFileReference; explicitFileType = wrapper.application; includeInIndex = 0; path = "Swift Quit.app"; sourceTree = BUILT_PRODUCTS_DIR; };
		B2C8BE1B283EBF8F00DB5C94 /* AppDelegate.swift */ = {isa = PBXFileReference; lastKnownFileType = sourcecode.swift; path = AppDelegate.swift; sourceTree = "<group>"; };
		B2C8BE1D283EBF8F00DB5C94 /* ViewController.swift */ = {isa = PBXFileReference; lastKnownFileType = sourcecode.swift; path = ViewController.swift; sourceTree = "<group>"; };
		B2C8BE1F283EBF9100DB5C94 /* Assets.xcassets */ = {isa = PBXFileReference; lastKnownFileType = folder.assetcatalog; path = Assets.xcassets; sourceTree = "<group>"; };
		B2C8BE22283EBF9100DB5C94 /* Base */ = {isa = PBXFileReference; lastKnownFileType = file.storyboard; name = Base; path = Base.lproj/Main.storyboard; sourceTree = "<group>"; };
		B2C8BE24283EBF9100DB5C94 /* Swift_Quit.entitlements */ = {isa = PBXFileReference; lastKnownFileType = text.plist.entitlements; path = Swift_Quit.entitlements; sourceTree = "<group>"; };
		B2C8BE2A283EC5D400DB5C94 /* SwiftQuit.swift */ = {isa = PBXFileReference; lastKnownFileType = sourcecode.swift; path = SwiftQuit.swift; sourceTree = "<group>"; };
		B2C8BE2C283ECF1600DB5C94 /* Swift-Quit-Info.plist */ = {isa = PBXFileReference; lastKnownFileType = text.plist; path = "Swift-Quit-Info.plist"; sourceTree = SOURCE_ROOT; };
/* End PBXFileReference section */

/* Begin PBXFrameworksBuildPhase section */
		B2C8BE15283EBF8E00DB5C94 /* Frameworks */ = {
			isa = PBXFrameworksBuildPhase;
			buildActionMask = 2147483647;
			files = (
				B281175728732DA40080A780 /* Swindler in Frameworks */,
				B27644922864C3BC000259CC /* LaunchAtLogin in Frameworks */,
			);
			runOnlyForDeploymentPostprocessing = 0;
		};
/* End PBXFrameworksBuildPhase section */

/* Begin PBXGroup section */
		B2811750287244850080A780 /* Frameworks */ = {
			isa = PBXGroup;
			children = (
			);
			name = Frameworks;
			sourceTree = "<group>";
		};
		B2C8BE0F283EBF8E00DB5C94 = {
			isa = PBXGroup;
			children = (
				B2C8BE1A283EBF8E00DB5C94 /* Swift Quit */,
				B2C8BE19283EBF8E00DB5C94 /* Products */,
				B2811750287244850080A780 /* Frameworks */,
			);
			sourceTree = "<group>";
		};
		B2C8BE19283EBF8E00DB5C94 /* Products */ = {
			isa = PBXGroup;
			children = (
				B2C8BE18283EBF8E00DB5C94 /* Swift Quit.app */,
			);
			name = Products;
			sourceTree = "<group>";
		};
		B2C8BE1A283EBF8E00DB5C94 /* Swift Quit */ = {
			isa = PBXGroup;
			children = (
				B2C8BE2C283ECF1600DB5C94 /* Swift-Quit-Info.plist */,
				B2C8BE1B283EBF8F00DB5C94 /* AppDelegate.swift */,
				B2C8BE1D283EBF8F00DB5C94 /* ViewController.swift */,
				B2C8BE1F283EBF9100DB5C94 /* Assets.xcassets */,
				B2C8BE21283EBF9100DB5C94 /* Main.storyboard */,
				B2C8BE24283EBF9100DB5C94 /* Swift_Quit.entitlements */,
				B2C8BE2A283EC5D400DB5C94 /* SwiftQuit.swift */,
			);
			path = "Swift Quit";
			sourceTree = "<group>";
		};
/* End PBXGroup section */

/* Begin PBXNativeTarget section */
		B2C8BE17283EBF8E00DB5C94 /* Swift Quit */ = {
			isa = PBXNativeTarget;
			buildConfigurationList = B2C8BE27283EBF9100DB5C94 /* Build configuration list for PBXNativeTarget "Swift Quit" */;
			buildPhases = (
				B2C8BE14283EBF8E00DB5C94 /* Sources */,
				B2C8BE15283EBF8E00DB5C94 /* Frameworks */,
				B2C8BE16283EBF8E00DB5C94 /* Resources */,
				B297CFB12866116B00C48ABC /* Launch at Login Helper */,
			);
			buildRules = (
			);
			dependencies = (
			);
			name = "Swift Quit";
			packageProductDependencies = (
				B27644912864C3BC000259CC /* LaunchAtLogin */,
				B281175628732DA40080A780 /* Swindler */,
			);
			productName = "Swift Quit";
			productReference = B2C8BE18283EBF8E00DB5C94 /* Swift Quit.app */;
			productType = "com.apple.product-type.application";
		};
/* End PBXNativeTarget section */

/* Begin PBXProject section */
		B2C8BE10283EBF8E00DB5C94 /* Project object */ = {
			isa = PBXProject;
			attributes = {
				BuildIndependentTargetsInParallel = 1;
				LastSwiftUpdateCheck = 1330;
				LastUpgradeCheck = 1330;
				TargetAttributes = {
					B2C8BE17283EBF8E00DB5C94 = {
						CreatedOnToolsVersion = 13.3.1;
					};
				};
			};
			buildConfigurationList = B2C8BE13283EBF8E00DB5C94 /* Build configuration list for PBXProject "Swift Quit" */;
			compatibilityVersion = "Xcode 13.0";
			developmentRegion = en;
			hasScannedForEncodings = 0;
			knownRegions = (
				en,
				Base,
			);
			mainGroup = B2C8BE0F283EBF8E00DB5C94;
			packageReferences = (
				B2C8BE2D283EF54B00DB5C94 /* XCRemoteSwiftPackageReference "Swindler" */,
				B27644902864C3BC000259CC /* XCRemoteSwiftPackageReference "LaunchAtLogin" */,
				B2811748287240000080A780 /* XCRemoteSwiftPackageReference "Swindler" */,
				B281174B287243B40080A780 /* XCRemoteSwiftPackageReference "Swindler" */,
			);
			productRefGroup = B2C8BE19283EBF8E00DB5C94 /* Products */;
			projectDirPath = "";
			projectRoot = "";
			targets = (
				B2C8BE17283EBF8E00DB5C94 /* Swift Quit */,
			);
		};
/* End PBXProject section */

/* Begin PBXResourcesBuildPhase section */
		B2C8BE16283EBF8E00DB5C94 /* Resources */ = {
			isa = PBXResourcesBuildPhase;
			buildActionMask = 2147483647;
			files = (
				B2C8BE20283EBF9100DB5C94 /* Assets.xcassets in Resources */,
				B2C8BE23283EBF9100DB5C94 /* Main.storyboard in Resources */,
			);
			runOnlyForDeploymentPostprocessing = 0;
		};
/* End PBXResourcesBuildPhase section */

/* Begin PBXShellScriptBuildPhase section */
		B297CFB12866116B00C48ABC /* Launch at Login Helper */ = {
			isa = PBXShellScriptBuildPhase;
			buildActionMask = 2147483647;
			files = (
			);
			inputFileListPaths = (
			);
			inputPaths = (
			);
			name = "Launch at Login Helper";
			outputFileListPaths = (
			);
			outputPaths = (
			);
			runOnlyForDeploymentPostprocessing = 0;
			shellPath = /bin/sh;
			shellScript = "\"${BUILT_PRODUCTS_DIR}/LaunchAtLogin_LaunchAtLogin.bundle/Contents/Resources/copy-helper-swiftpm.sh\"\n";
		};
/* End PBXShellScriptBuildPhase section */

/* Begin PBXSourcesBuildPhase section */
		B2C8BE14283EBF8E00DB5C94 /* Sources */ = {
			isa = PBXSourcesBuildPhase;
			buildActionMask = 2147483647;
			files = (
				B2C8BE2B283EC5D400DB5C94 /* SwiftQuit.swift in Sources */,
				B2C8BE1E283EBF8F00DB5C94 /* ViewController.swift in Sources */,
				B2C8BE1C283EBF8F00DB5C94 /* AppDelegate.swift in Sources */,
			);
			runOnlyForDeploymentPostprocessing = 0;
		};
/* End PBXSourcesBuildPhase section */

/* Begin PBXVariantGroup section */
		B2C8BE21283EBF9100DB5C94 /* Main.storyboard */ = {
			isa = PBXVariantGroup;
			children = (
				B2C8BE22283EBF9100DB5C94 /* Base */,
			);
			name = Main.storyboard;
			sourceTree = "<group>";
		};
/* End PBXVariantGroup section */

/* Begin XCBuildConfiguration section */
		B2C8BE25283EBF9100DB5C94 /* Debug */ = {
			isa = XCBuildConfiguration;
			buildSettings = {
				ALWAYS_SEARCH_USER_PATHS = NO;
				CLANG_ANALYZER_NONNULL = YES;
				CLANG_ANALYZER_NUMBER_OBJECT_CONVERSION = YES_AGGRESSIVE;
				CLANG_CXX_LANGUAGE_STANDARD = "gnu++17";
				CLANG_ENABLE_MODULES = YES;
				CLANG_ENABLE_OBJC_ARC = YES;
				CLANG_ENABLE_OBJC_WEAK = YES;
				CLANG_WARN_BLOCK_CAPTURE_AUTORELEASING = YES;
				CLANG_WARN_BOOL_CONVERSION = YES;
				CLANG_WARN_COMMA = YES;
				CLANG_WARN_CONSTANT_CONVERSION = YES;
				CLANG_WARN_DEPRECATED_OBJC_IMPLEMENTATIONS = YES;
				CLANG_WARN_DIRECT_OBJC_ISA_USAGE = YES_ERROR;
				CLANG_WARN_DOCUMENTATION_COMMENTS = YES;
				CLANG_WARN_EMPTY_BODY = YES;
				CLANG_WARN_ENUM_CONVERSION = YES;
				CLANG_WARN_INFINITE_RECURSION = YES;
				CLANG_WARN_INT_CONVERSION = YES;
				CLANG_WARN_NON_LITERAL_NULL_CONVERSION = YES;
				CLANG_WARN_OBJC_IMPLICIT_RETAIN_SELF = YES;
				CLANG_WARN_OBJC_LITERAL_CONVERSION = YES;
				CLANG_WARN_OBJC_ROOT_CLASS = YES_ERROR;
				CLANG_WARN_QUOTED_INCLUDE_IN_FRAMEWORK_HEADER = YES;
				CLANG_WARN_RANGE_LOOP_ANALYSIS = YES;
				CLANG_WARN_STRICT_PROTOTYPES = YES;
				CLANG_WARN_SUSPICIOUS_MOVE = YES;
				CLANG_WARN_UNGUARDED_AVAILABILITY = YES_AGGRESSIVE;
				CLANG_WARN_UNREACHABLE_CODE = YES;
				CLANG_WARN__DUPLICATE_METHOD_MATCH = YES;
				COPY_PHASE_STRIP = NO;
				DEBUG_INFORMATION_FORMAT = dwarf;
				ENABLE_STRICT_OBJC_MSGSEND = YES;
				ENABLE_TESTABILITY = YES;
				GCC_C_LANGUAGE_STANDARD = gnu11;
				GCC_DYNAMIC_NO_PIC = NO;
				GCC_NO_COMMON_BLOCKS = YES;
				GCC_OPTIMIZATION_LEVEL = 0;
				GCC_PREPROCESSOR_DEFINITIONS = (
					"DEBUG=1",
					"$(inherited)",
				);
				GCC_WARN_64_TO_32_BIT_CONVERSION = YES;
				GCC_WARN_ABOUT_RETURN_TYPE = YES_ERROR;
				GCC_WARN_UNDECLARED_SELECTOR = YES;
				GCC_WARN_UNINITIALIZED_AUTOS = YES_AGGRESSIVE;
				GCC_WARN_UNUSED_FUNCTION = YES;
				GCC_WARN_UNUSED_VARIABLE = YES;
				MACOSX_DEPLOYMENT_TARGET = 10.15;
				MTL_ENABLE_DEBUG_INFO = INCLUDE_SOURCE;
				MTL_FAST_MATH = YES;
				ONLY_ACTIVE_ARCH = YES;
				SDKROOT = macosx;
				SWIFT_ACTIVE_COMPILATION_CONDITIONS = DEBUG;
				SWIFT_OPTIMIZATION_LEVEL = "-Onone";
			};
			name = Debug;
		};
		B2C8BE26283EBF9100DB5C94 /* Release */ = {
			isa = XCBuildConfiguration;
			buildSettings = {
				ALWAYS_SEARCH_USER_PATHS = NO;
				CLANG_ANALYZER_NONNULL = YES;
				CLANG_ANALYZER_NUMBER_OBJECT_CONVERSION = YES_AGGRESSIVE;
				CLANG_CXX_LANGUAGE_STANDARD = "gnu++17";
				CLANG_ENABLE_MODULES = YES;
				CLANG_ENABLE_OBJC_ARC = YES;
				CLANG_ENABLE_OBJC_WEAK = YES;
				CLANG_WARN_BLOCK_CAPTURE_AUTORELEASING = YES;
				CLANG_WARN_BOOL_CONVERSION = YES;
				CLANG_WARN_COMMA = YES;
				CLANG_WARN_CONSTANT_CONVERSION = YES;
				CLANG_WARN_DEPRECATED_OBJC_IMPLEMENTATIONS = YES;
				CLANG_WARN_DIRECT_OBJC_ISA_USAGE = YES_ERROR;
				CLANG_WARN_DOCUMENTATION_COMMENTS = YES;
				CLANG_WARN_EMPTY_BODY = YES;
				CLANG_WARN_ENUM_CONVERSION = YES;
				CLANG_WARN_INFINITE_RECURSION = YES;
				CLANG_WARN_INT_CONVERSION = YES;
				CLANG_WARN_NON_LITERAL_NULL_CONVERSION = YES;
				CLANG_WARN_OBJC_IMPLICIT_RETAIN_SELF = YES;
				CLANG_WARN_OBJC_LITERAL_CONVERSION = YES;
				CLANG_WARN_OBJC_ROOT_CLASS = YES_ERROR;
				CLANG_WARN_QUOTED_INCLUDE_IN_FRAMEWORK_HEADER = YES;
				CLANG_WARN_RANGE_LOOP_ANALYSIS = YES;
				CLANG_WARN_STRICT_PROTOTYPES = YES;
				CLANG_WARN_SUSPICIOUS_MOVE = YES;
				CLANG_WARN_UNGUARDED_AVAILABILITY = YES_AGGRESSIVE;
				CLANG_WARN_UNREACHABLE_CODE = YES;
				CLANG_WARN__DUPLICATE_METHOD_MATCH = YES;
				COPY_PHASE_STRIP = NO;
				DEBUG_INFORMATION_FORMAT = "dwarf-with-dsym";
				ENABLE_NS_ASSERTIONS = NO;
				ENABLE_STRICT_OBJC_MSGSEND = YES;
				GCC_C_LANGUAGE_STANDARD = gnu11;
				GCC_NO_COMMON_BLOCKS = YES;
				GCC_WARN_64_TO_32_BIT_CONVERSION = YES;
				GCC_WARN_ABOUT_RETURN_TYPE = YES_ERROR;
				GCC_WARN_UNDECLARED_SELECTOR = YES;
				GCC_WARN_UNINITIALIZED_AUTOS = YES_AGGRESSIVE;
				GCC_WARN_UNUSED_FUNCTION = YES;
				GCC_WARN_UNUSED_VARIABLE = YES;
				MACOSX_DEPLOYMENT_TARGET = 10.15;
				MTL_ENABLE_DEBUG_INFO = NO;
				MTL_FAST_MATH = YES;
				SDKROOT = macosx;
				SWIFT_COMPILATION_MODE = wholemodule;
				SWIFT_OPTIMIZATION_LEVEL = "-O";
			};
			name = Release;
		};
		B2C8BE28283EBF9100DB5C94 /* Debug */ = {
			isa = XCBuildConfiguration;
			buildSettings = {
				ASSETCATALOG_COMPILER_APPICON_NAME = AppIcon;
				ASSETCATALOG_COMPILER_GLOBAL_ACCENT_COLOR_NAME = AccentColor;
				CODE_SIGN_ENTITLEMENTS = "Swift Quit/Swift_Quit.entitlements";
				CODE_SIGN_IDENTITY = "-";
				CODE_SIGN_STYLE = Automatic;
				COMBINE_HIDPI_IMAGES = YES;
				CURRENT_PROJECT_VERSION = 1;
				DEVELOPMENT_TEAM = M4FH9KS7W7;
				ENABLE_HARDENED_RUNTIME = YES;
				GENERATE_INFOPLIST_FILE = YES;
				INFOPLIST_FILE = "Swift-Quit-Info.plist";
				INFOPLIST_KEY_NSHumanReadableCopyright = "";
				INFOPLIST_KEY_NSMainStoryboardFile = Main;
				INFOPLIST_KEY_NSPrincipalClass = NSApplication;
				LD_RUNPATH_SEARCH_PATHS = (
					"$(inherited)",
					"@executable_path/../Frameworks",
				);
				MACOSX_DEPLOYMENT_TARGET = 11.0;
				MARKETING_VERSION = 1.4;
				PRODUCT_BUNDLE_IDENTIFIER = "onebadidea.Swift-Quit";
				PRODUCT_NAME = "$(TARGET_NAME)";
				SWIFT_EMIT_LOC_STRINGS = YES;
				SWIFT_VERSION = 5.0;
			};
			name = Debug;
		};
		B2C8BE29283EBF9100DB5C94 /* Release */ = {
			isa = XCBuildConfiguration;
			buildSettings = {
				ASSETCATALOG_COMPILER_APPICON_NAME = AppIcon;
				ASSETCATALOG_COMPILER_GLOBAL_ACCENT_COLOR_NAME = AccentColor;
				CODE_SIGN_ENTITLEMENTS = "Swift Quit/Swift_Quit.entitlements";
				CODE_SIGN_IDENTITY = "-";
				CODE_SIGN_STYLE = Automatic;
				COMBINE_HIDPI_IMAGES = YES;
				CURRENT_PROJECT_VERSION = 1;
				DEVELOPMENT_TEAM = M4FH9KS7W7;
				ENABLE_HARDENED_RUNTIME = YES;
				GENERATE_INFOPLIST_FILE = YES;
				INFOPLIST_FILE = "Swift-Quit-Info.plist";
				INFOPLIST_KEY_NSHumanReadableCopyright = "";
				INFOPLIST_KEY_NSMainStoryboardFile = Main;
				INFOPLIST_KEY_NSPrincipalClass = NSApplication;
				LD_RUNPATH_SEARCH_PATHS = (
					"$(inherited)",
					"@executable_path/../Frameworks",
				);
				MACOSX_DEPLOYMENT_TARGET = 11.0;
				MARKETING_VERSION = 1.4;
				PRODUCT_BUNDLE_IDENTIFIER = "onebadidea.Swift-Quit";
				PRODUCT_NAME = "$(TARGET_NAME)";
				SWIFT_EMIT_LOC_STRINGS = YES;
				SWIFT_VERSION = 5.0;
			};
			name = Release;
		};
/* End XCBuildConfiguration section */

/* Begin XCConfigurationList section */
		B2C8BE13283EBF8E00DB5C94 /* Build configuration list for PBXProject "Swift Quit" */ = {
			isa = XCConfigurationList;
			buildConfigurations = (
				B2C8BE25283EBF9100DB5C94 /* Debug */,
				B2C8BE26283EBF9100DB5C94 /* Release */,
			);
			defaultConfigurationIsVisible = 0;
			defaultConfigurationName = Release;
		};
		B2C8BE27283EBF9100DB5C94 /* Build configuration list for PBXNativeTarget "Swift Quit" */ = {
			isa = XCConfigurationList;
			buildConfigurations = (
				B2C8BE28283EBF9100DB5C94 /* Debug */,
				B2C8BE29283EBF9100DB5C94 /* Release */,
			);
			defaultConfigurationIsVisible = 0;
			defaultConfigurationName = Release;
		};
/* End XCConfigurationList section */

/* Begin XCRemoteSwiftPackageReference section */
		B27644902864C3BC000259CC /* XCRemoteSwiftPackageReference "LaunchAtLogin" */ = {
			isa = XCRemoteSwiftPackageReference;
			repositoryURL = "https://github.com/sindresorhus/LaunchAtLogin";
			requirement = {
				branch = main;
				kind = branch;
			};
		};
		B2811748287240000080A780 /* XCRemoteSwiftPackageReference "Swindler" */ = {
			isa = XCRemoteSwiftPackageReference;
			repositoryURL = "https://github.com/tmandry/Swindler";
			requirement = {
				branch = main;
				kind = branch;
			};
		};
		B281174B287243B40080A780 /* XCRemoteSwiftPackageReference "Swindler" */ = {
			isa = XCRemoteSwiftPackageReference;
			repositoryURL = "https://github.com/tmandry/Swindler";
			requirement = {
				branch = main;
				kind = branch;
			};
		};
		B2C8BE2D283EF54B00DB5C94 /* XCRemoteSwiftPackageReference "Swindler" */ = {
			isa = XCRemoteSwiftPackageReference;
			repositoryURL = "https://github.com/tmandry/Swindler";
			requirement = {
				branch = main;
				kind = branch;
			};
		};
/* End XCRemoteSwiftPackageReference section */

/* Begin XCSwiftPackageProductDependency section */
		B27644912864C3BC000259CC /* LaunchAtLogin */ = {
			isa = XCSwiftPackageProductDependency;
			package = B27644902864C3BC000259CC /* XCRemoteSwiftPackageReference "LaunchAtLogin" */;
			productName = LaunchAtLogin;
		};
		B281175628732DA40080A780 /* Swindler */ = {
			isa = XCSwiftPackageProductDependency;
			package = B281174B287243B40080A780 /* XCRemoteSwiftPackageReference "Swindler" */;
			productName = Swindler;
		};
/* End XCSwiftPackageProductDependency section */
	};
	rootObject = B2C8BE10283EBF8E00DB5C94 /* Project object */;
}
